
Microsoft Visual Studio Solution File, Format Version 12.00
# Visual Studio 15
Project("{FAE04EC0-301F-11D3-BF4B-00C04F79EFBC}") = "Assembly-CSharp", "Assembly-CSharp.csproj", "{C3EF536E-C26F-FAD9-A294-4378BE0C5AF1}"
EndProject
Project("{FAE04EC0-301F-11D3-BF4B-00C04F79EFBC}") = "Assembly-CSharp-Editor", "Assembly-CSharp-Editor.csproj", "{F5040B44-EB10-4AE9-087F-74457E9855DC}"
EndProject
Global
	GlobalSection(SolutionConfigurationPlatforms) = preSolution
		Debug|Any CPU = Debug|Any CPU
		Release|Any CPU = Release|Any CPU
	EndGlobalSection
	GlobalSection(ProjectConfigurationPlatforms) = postSolution
		{C3EF536E-C26F-FAD9-A294-4378BE0C5AF1}.Debug|Any CPU.ActiveCfg = Debug|Any CPU
		{C3EF536E-C26F-FAD9-A294-4378BE0C5AF1}.Debug|Any CPU.Build.0 = Debug|Any CPU
		{C3EF536E-C26F-FAD9-A294-4378BE0C5AF1}.Release|Any CPU.ActiveCfg = Release|Any CPU
		{C3EF536E-C26F-FAD9-A294-4378BE0C5AF1}.Release|Any CPU.Build.0 = Release|Any CPU
		{F5040B44-EB10-4AE9-087F-74457E9855DC}.Debug|Any CPU.ActiveCfg = Debug|Any CPU
		{F5040B44-EB10-4AE9-087F-74457E9855DC}.Debug|Any CPU.Build.0 = Debug|Any CPU
		{F5040B44-EB10-4AE9-087F-74457E9855DC}.Release|Any CPU.ActiveCfg = Release|Any CPU
		{F5040B44-EB10-4AE9-087F-74457E9855DC}.Release|Any CPU.Build.0 = Release|Any CPU
	EndGlobalSection
	GlobalSection(SolutionProperties) = preSolution
		HideSolutionNode = FALSE
	EndGlobalSection
EndGlobal
